PODS:
  - AssetsPickerViewController (2.6.2):
    - SnapKit
  - SnapKit (5.0.0)

DEPENDENCIES:
  - AssetsPickerViewController (from `../`)

SPEC REPOS:
  https://github.com/cocoapods/specs.git:
    - SnapKit

EXTERNAL SOURCES:
  AssetsPickerViewController:
    :path: "../"

SPEC CHECKSUMS:
  AssetsPickerViewController: 6b35dfdb4b541951b33b89e1cb3c338ca0e0b8ad
  SnapKit: fd22d10eb9aff484d79a8724eab922c1ddf89bcf

PODFILE CHECKSUM: ed535a80c7e9986ea173935163bbd69a1c717311

COCOAPODS: 1.6.1
